
Microsoft Visual Studio Solution File, Format Version 12.00
# Visual Studio 2015
Project("{FAE04EC0-301F-11D3-BF4B-00C04F79EFBC}") = "Navmesh-Pathfinding", "Navmesh-Pathfinding.csproj", "{E35A2BBB-F88B-6E33-A374-AED84B698BCB}"
EndProject
Project("{FAE04EC0-301F-11D3-BF4B-00C04F79EFBC}") = "Navmesh-Pathfinding.Editor", "Navmesh-Pathfinding.Editor.csproj", "{C8D08492-15E0-546E-9EAE-D3FDC32282D0}"
EndProject
Global
	GlobalSection(SolutionConfigurationPlatforms) = preSolution
		Debug|Any CPU = Debug|Any CPU
		Release|Any CPU = Release|Any CPU
	EndGlobalSection
	GlobalSection(ProjectConfigurationPlatforms) = postSolution
		{E35A2BBB-F88B-6E33-A374-AED84B698BCB}.Debug|Any CPU.ActiveCfg = Debug|Any CPU
		{E35A2BBB-F88B-6E33-A374-AED84B698BCB}.Debug|Any CPU.Build.0 = Debug|Any CPU
		{E35A2BBB-F88B-6E33-A374-AED84B698BCB}.Release|Any CPU.ActiveCfg = Release|Any CPU
		{E35A2BBB-F88B-6E33-A374-AED84B698BCB}.Release|Any CPU.Build.0 = Release|Any CPU
		{C8D08492-15E0-546E-9EAE-D3FDC32282D0}.Debug|Any CPU.ActiveCfg = Debug|Any CPU
		{C8D08492-15E0-546E-9EAE-D3FDC32282D0}.Debug|Any CPU.Build.0 = Debug|Any CPU
		{C8D08492-15E0-546E-9EAE-D3FDC32282D0}.Release|Any CPU.ActiveCfg = Release|Any CPU
		{C8D08492-15E0-546E-9EAE-D3FDC32282D0}.Release|Any CPU.Build.0 = Release|Any CPU
	EndGlobalSection
	GlobalSection(SolutionProperties) = preSolution
		HideSolutionNode = FALSE
	EndGlobalSection
EndGlobal
