
Microsoft Visual Studio Solution File, Format Version 12.00
# Visual Studio 2015
Project("{FAE04EC0-301F-11D3-BF4B-00C04F79EFBC}") = "Navmesh Pathfinding", "Navmesh Pathfinding.csproj", "{8BC982F3-FB00-177D-0730-901523DCC3CA}"
EndProject
Project("{FAE04EC0-301F-11D3-BF4B-00C04F79EFBC}") = "Navmesh Pathfinding.Editor", "Navmesh Pathfinding.Editor.csproj", "{E94BE5F0-8399-AC58-ACC7-CECAAEDA77D5}"
EndProject
Global
	GlobalSection(SolutionConfigurationPlatforms) = preSolution
		Debug|Any CPU = Debug|Any CPU
		Release|Any CPU = Release|Any CPU
	EndGlobalSection
	GlobalSection(ProjectConfigurationPlatforms) = postSolution
		{8BC982F3-FB00-177D-0730-901523DCC3CA}.Debug|Any CPU.ActiveCfg = Debug|Any CPU
		{8BC982F3-FB00-177D-0730-901523DCC3CA}.Debug|Any CPU.Build.0 = Debug|Any CPU
		{8BC982F3-FB00-177D-0730-901523DCC3CA}.Release|Any CPU.ActiveCfg = Release|Any CPU
		{8BC982F3-FB00-177D-0730-901523DCC3CA}.Release|Any CPU.Build.0 = Release|Any CPU
		{E94BE5F0-8399-AC58-ACC7-CECAAEDA77D5}.Debug|Any CPU.ActiveCfg = Debug|Any CPU
		{E94BE5F0-8399-AC58-ACC7-CECAAEDA77D5}.Debug|Any CPU.Build.0 = Debug|Any CPU
		{E94BE5F0-8399-AC58-ACC7-CECAAEDA77D5}.Release|Any CPU.ActiveCfg = Release|Any CPU
		{E94BE5F0-8399-AC58-ACC7-CECAAEDA77D5}.Release|Any CPU.Build.0 = Release|Any CPU
	EndGlobalSection
	GlobalSection(SolutionProperties) = preSolution
		HideSolutionNode = FALSE
	EndGlobalSection
EndGlobal
